
Microsoft Visual Studio Solution File, Format Version 12.00
# Visual Studio Version 16
VisualStudioVersion = 25.0.1706.12
MinimumVisualStudioVersion = 10.0.40219.1
Project("{FAE04EC0-301F-11D3-BF4B-00C04F79EFBC}") = "20-06", "20-06\20-06.csproj", "{94CAC58F-2417-42A2-A3AB-B579D24B5A02}"
EndProject
Global
	GlobalSection(SolutionConfigurationPlatforms) = preSolution
		Debug|Any CPU = Debug|Any CPU
		Release|Any CPU = Release|Any CPU
	EndGlobalSection
	GlobalSection(ProjectConfigurationPlatforms) = postSolution
		{94CAC58F-2417-42A2-A3AB-B579D24B5A02}.Debug|Any CPU.ActiveCfg = Debug|Any CPU
		{94CAC58F-2417-42A2-A3AB-B579D24B5A02}.Debug|Any CPU.Build.0 = Debug|Any CPU
		{94CAC58F-2417-42A2-A3AB-B579D24B5A02}.Release|Any CPU.ActiveCfg = Release|Any CPU
		{94CAC58F-2417-42A2-A3AB-B579D24B5A02}.Release|Any CPU.Build.0 = Release|Any CPU
	EndGlobalSection
	GlobalSection(SolutionProperties) = preSolution
		HideSolutionNode = FALSE
	EndGlobalSection
	GlobalSection(ExtensibilityGlobals) = postSolution
		SolutionGuid = {4E0DADF3-CF5B-4BC2-8C75-F1FE29FDC302}
	EndGlobalSection
EndGlobal
