
Microsoft Visual Studio Solution File, Format Version 12.00
# Visual Studio Version 16
VisualStudioVersion = 25.0.1706.12
MinimumVisualStudioVersion = 10.0.40219.1
Project("{FAE04EC0-301F-11D3-BF4B-00C04F79EFBC}") = "esercizio  venerdi 21-06", "esercizio  venerdi 21-06\esercizio  venerdi 21-06.csproj", "{4659016E-88DF-4093-AB2B-BEED2490CEDF}"
EndProject
Global
	GlobalSection(SolutionConfigurationPlatforms) = preSolution
		Debug|Any CPU = Debug|Any CPU
		Release|Any CPU = Release|Any CPU
	EndGlobalSection
	GlobalSection(ProjectConfigurationPlatforms) = postSolution
		{4659016E-88DF-4093-AB2B-BEED2490CEDF}.Debug|Any CPU.ActiveCfg = Debug|Any CPU
		{4659016E-88DF-4093-AB2B-BEED2490CEDF}.Debug|Any CPU.Build.0 = Debug|Any CPU
		{4659016E-88DF-4093-AB2B-BEED2490CEDF}.Release|Any CPU.ActiveCfg = Release|Any CPU
		{4659016E-88DF-4093-AB2B-BEED2490CEDF}.Release|Any CPU.Build.0 = Release|Any CPU
	EndGlobalSection
	GlobalSection(SolutionProperties) = preSolution
		HideSolutionNode = FALSE
	EndGlobalSection
	GlobalSection(ExtensibilityGlobals) = postSolution
		SolutionGuid = {783CE75C-21DD-465C-AE4F-C43838255E37}
	EndGlobalSection
EndGlobal
